
Microsoft Visual Studio Solution File, Format Version 12.00
# Visual Studio 15
VisualStudioVersion = 15.0.26430.14
MinimumVisualStudioVersion = 10.0.40219.1
Project("{FAE04EC0-301F-11D3-BF4B-00C04F79EFBC}") = "jApps", "jApps\jApps.csproj", "{1F255045-D1DD-4BDE-90B3-5944EE65C890}"
EndProject
Project("{FAE04EC0-301F-11D3-BF4B-00C04F79EFBC}") = "jMusicScore", "jMusicScore\jMusicScore.csproj", "{3EB3E994-F9C9-4E28-8D85-3073B8F441EB}"
EndProject
Project("{FAE04EC0-301F-11D3-BF4B-00C04F79EFBC}") = "noteEditor", "noteEditor\noteEditor.csproj", "{357A09D6-F9C9-4DDB-92C0-A2D07966D42A}"
EndProject
Project("{FAE04EC0-301F-11D3-BF4B-00C04F79EFBC}") = "TinyMCEPlugin", "TinyMCEPlugin\TinyMCEPlugin.csproj", "{F8EB3BA3-CCC6-46B9-9990-E0EA4D768D11}"
EndProject
Project("{FAE04EC0-301F-11D3-BF4B-00C04F79EFBC}") = "CKEditorPlugin", "CKEditorPlugin\CKEditorPlugin.csproj", "{CC1BF3E6-101F-4897-B271-C3D860BD0294}"
EndProject
Project("{FAE04EC0-301F-11D3-BF4B-00C04F79EFBC}") = "TextMusicEditor", "TextMusicEditor\TextMusicEditor.csproj", "{C2DCD4E5-759F-4E98-9EAF-FD3B0E955495}"
EndProject
Global
	GlobalSection(SolutionConfigurationPlatforms) = preSolution
		Debug|Any CPU = Debug|Any CPU
		Release|Any CPU = Release|Any CPU
	EndGlobalSection
	GlobalSection(ProjectConfigurationPlatforms) = postSolution
		{1F255045-D1DD-4BDE-90B3-5944EE65C890}.Debug|Any CPU.ActiveCfg = Debug|Any CPU
		{1F255045-D1DD-4BDE-90B3-5944EE65C890}.Debug|Any CPU.Build.0 = Debug|Any CPU
		{1F255045-D1DD-4BDE-90B3-5944EE65C890}.Release|Any CPU.ActiveCfg = Release|Any CPU
		{1F255045-D1DD-4BDE-90B3-5944EE65C890}.Release|Any CPU.Build.0 = Release|Any CPU
		{3EB3E994-F9C9-4E28-8D85-3073B8F441EB}.Debug|Any CPU.ActiveCfg = Debug|Any CPU
		{3EB3E994-F9C9-4E28-8D85-3073B8F441EB}.Debug|Any CPU.Build.0 = Debug|Any CPU
		{3EB3E994-F9C9-4E28-8D85-3073B8F441EB}.Release|Any CPU.ActiveCfg = Release|Any CPU
		{3EB3E994-F9C9-4E28-8D85-3073B8F441EB}.Release|Any CPU.Build.0 = Release|Any CPU
		{357A09D6-F9C9-4DDB-92C0-A2D07966D42A}.Debug|Any CPU.ActiveCfg = Debug|Any CPU
		{357A09D6-F9C9-4DDB-92C0-A2D07966D42A}.Debug|Any CPU.Build.0 = Debug|Any CPU
		{357A09D6-F9C9-4DDB-92C0-A2D07966D42A}.Release|Any CPU.ActiveCfg = Release|Any CPU
		{357A09D6-F9C9-4DDB-92C0-A2D07966D42A}.Release|Any CPU.Build.0 = Release|Any CPU
		{F8EB3BA3-CCC6-46B9-9990-E0EA4D768D11}.Debug|Any CPU.ActiveCfg = Debug|Any CPU
		{F8EB3BA3-CCC6-46B9-9990-E0EA4D768D11}.Debug|Any CPU.Build.0 = Debug|Any CPU
		{F8EB3BA3-CCC6-46B9-9990-E0EA4D768D11}.Release|Any CPU.ActiveCfg = Release|Any CPU
		{F8EB3BA3-CCC6-46B9-9990-E0EA4D768D11}.Release|Any CPU.Build.0 = Release|Any CPU
		{CC1BF3E6-101F-4897-B271-C3D860BD0294}.Debug|Any CPU.ActiveCfg = Debug|Any CPU
		{CC1BF3E6-101F-4897-B271-C3D860BD0294}.Debug|Any CPU.Build.0 = Debug|Any CPU
		{CC1BF3E6-101F-4897-B271-C3D860BD0294}.Release|Any CPU.ActiveCfg = Release|Any CPU
		{CC1BF3E6-101F-4897-B271-C3D860BD0294}.Release|Any CPU.Build.0 = Release|Any CPU
		{C2DCD4E5-759F-4E98-9EAF-FD3B0E955495}.Debug|Any CPU.ActiveCfg = Debug|Any CPU
		{C2DCD4E5-759F-4E98-9EAF-FD3B0E955495}.Debug|Any CPU.Build.0 = Debug|Any CPU
		{C2DCD4E5-759F-4E98-9EAF-FD3B0E955495}.Release|Any CPU.ActiveCfg = Release|Any CPU
		{C2DCD4E5-759F-4E98-9EAF-FD3B0E955495}.Release|Any CPU.Build.0 = Release|Any CPU
	EndGlobalSection
	GlobalSection(SolutionProperties) = preSolution
		HideSolutionNode = FALSE
	EndGlobalSection
EndGlobal
