{
  "name": "midi",
  "version": "1.0.0",
  "lockfileVersion": 1,
  "requires": true,
  "dependencies": {
    "jazz-midi": {
      "version": "1.6.0",
      "resolved": "https://registry.npmjs.org/jazz-midi/-/jazz-midi-1.6.0.tgz",
      "integrity": "sha512-SeEZeKeOyYl4wOKObgmzwFTJ2T2Xf9cyLVJ94LHo24WmOVDuQSwxPuA07/YbeJNSxHBFlndLuxSNVlZqax6yFQ=="
    },
    "performance-now": {
      "version": "2.1.0",
      "resolved": "https://registry.npmjs.org/performance-now/-/performance-now-2.1.0.tgz",
      "integrity": "sha1-Ywn04OX6kT7BxpMHrjZLSzd8nns="
    },
    "web-midi-api": {
      "version": "1.4.4",
      "resolved": "https://registry.npmjs.org/web-midi-api/-/web-midi-api-1.4.4.tgz",
      "integrity": "sha1-t8FRpOBp57lQVT5L9bpF/ptqNw8=",
      "requires": {
        "jazz-midi": "1.6.0",
        "performance-now": "2.1.0"
      }
    },
    "webmidi": {
      "version": "2.0.0",
      "resolved": "https://registry.npmjs.org/webmidi/-/webmidi-2.0.0.tgz",
      "integrity": "sha512-ASVmicnvHi3KXXZhxJ47ZXPYrR3CEAfgY1afGdKUhkE0TO8l4pQDnG7+AaRzLL8HmUf5s0w5SiAyeeDl94GAEQ=="
    }
  }
}
